
Microsoft Visual Studio Solution File, Format Version 12.00
# Visual Studio Version 17
VisualStudioVersion = 17.7.34003.232
MinimumVisualStudioVersion = 10.0.40219.1
Project("{FAE04EC0-301F-11D3-BF4B-00C04F79EFBC}") = "Staj Takip Sistemi", "Staj Takip Sistemi\Staj Takip Sistemi.csproj", "{6274DCB9-59AE-4E84-BAD3-FC6D13E6530F}"
EndProject
Global
	GlobalSection(SolutionConfigurationPlatforms) = preSolution
		Debug|Any CPU = Debug|Any CPU
		Release|Any CPU = Release|Any CPU
	EndGlobalSection
	GlobalSection(ProjectConfigurationPlatforms) = postSolution
		{6274DCB9-59AE-4E84-BAD3-FC6D13E6530F}.Debug|Any CPU.ActiveCfg = Debug|Any CPU
		{6274DCB9-59AE-4E84-BAD3-FC6D13E6530F}.Debug|Any CPU.Build.0 = Debug|Any CPU
		{6274DCB9-59AE-4E84-BAD3-FC6D13E6530F}.Release|Any CPU.ActiveCfg = Release|Any CPU
		{6274DCB9-59AE-4E84-BAD3-FC6D13E6530F}.Release|Any CPU.Build.0 = Release|Any CPU
	EndGlobalSection
	GlobalSection(SolutionProperties) = preSolution
		HideSolutionNode = FALSE
	EndGlobalSection
	GlobalSection(ExtensibilityGlobals) = postSolution
		SolutionGuid = {46EF8AA9-1E43-4863-A9F6-CFC82BD463D9}
	EndGlobalSection
EndGlobal
